// !$*UTF8*$!
{
	archiveVersion = 1;
	classes = {
	};
	objectVersion = 46;
	objects = {

/* Begin PBXBuildFile section */
		803857581D1C3F1600380CA9 /* main.m in Sources */ = {isa = PBXBuildFile; fileRef = 803857571D1C3F1600380CA9 /* main.m */; };
		803857801D1C411700380CA9 /* NKDownloadControl.m in Sources */ = {isa = PBXBuildFile; fileRef = 8038577F1D1C411700380CA9 /* NKDownloadControl.m */; };
		8082AE1F1D1CE6F200C58B7A /* AppDelegate.m in Sources */ = {isa = PBXBuildFile; fileRef = 8082AE1B1D1CE6F200C58B7A /* AppDelegate.m */; };
		8082AE201D1CE6F200C58B7A /* Assets.xcassets in Resources */ = {isa = PBXBuildFile; fileRef = 8082AE1C1D1CE6F200C58B7A /* Assets.xcassets */; };
		8082AE211D1CE6F200C58B7A /* ViewController.m in Sources */ = {isa = PBXBuildFile; fileRef = 8082AE1E1D1CE6F200C58B7A /* ViewController.m */; };
/* End PBXBuildFile section */

/* Begin PBXFileReference section */
		803857531D1C3F1600380CA9 /* NKDownloadControl.app */ = {isa = PBXFileReference; explicitFileType = wrapper.application; includeInIndex = 0; path = NKDownloadControl.app; sourceTree = BUILT_PRODUCTS_DIR; };
		803857571D1C3F1600380CA9 /* main.m */ = {isa = PBXFileReference; lastKnownFileType = sourcecode.c.objc; path = main.m; sourceTree = "<group>"; };
		803857671D1C3F1600380CA9 /* Info.plist */ = {isa = PBXFileReference; lastKnownFileType = text.plist.xml; path = Info.plist; sourceTree = "<group>"; };
		8038577E1D1C411700380CA9 /* NKDownloadControl.h */ = {isa = PBXFileReference; fileEncoding = 4; lastKnownFileType = sourcecode.c.h; path = NKDownloadControl.h; sourceTree = "<group>"; };
		8038577F1D1C411700380CA9 /* NKDownloadControl.m */ = {isa = PBXFileReference; fileEncoding = 4; lastKnownFileType = sourcecode.c.objc; path = NKDownloadControl.m; sourceTree = "<group>"; };
		8082AE1A1D1CE6F200C58B7A /* AppDelegate.h */ = {isa = PBXFileReference; fileEncoding = 4; lastKnownFileType = sourcecode.c.h; name = AppDelegate.h; path = NKDownloadControl/AppDelegate.h; sourceTree = SOURCE_ROOT; };
		8082AE1B1D1CE6F200C58B7A /* AppDelegate.m */ = {isa = PBXFileReference; fileEncoding = 4; lastKnownFileType = sourcecode.c.objc; name = AppDelegate.m; path = NKDownloadControl/AppDelegate.m; sourceTree = SOURCE_ROOT; };
		8082AE1C1D1CE6F200C58B7A /* Assets.xcassets */ = {isa = PBXFileReference; lastKnownFileType = folder.assetcatalog; name = Assets.xcassets; path = NKDownloadControl/Assets.xcassets; sourceTree = SOURCE_ROOT; };
		8082AE1D1D1CE6F200C58B7A /* ViewController.h */ = {isa = PBXFileReference; fileEncoding = 4; lastKnownFileType = sourcecode.c.h; name = ViewController.h; path = NKDownloadControl/ViewController.h; sourceTree = SOURCE_ROOT; };
		8082AE1E1D1CE6F200C58B7A /* ViewController.m */ = {isa = PBXFileReference; fileEncoding = 4; lastKnownFileType = sourcecode.c.objc; name = ViewController.m; path = NKDownloadControl/ViewController.m; sourceTree = SOURCE_ROOT; };
/* End PBXFileReference section */

/* Begin PBXFrameworksBuildPhase section */
		803857501D1C3F1600380CA9 /* Frameworks */ = {
			isa = PBXFrameworksBuildPhase;
			buildActionMask = 2147483647;
			files = (
			);
			runOnlyForDeploymentPostprocessing = 0;
		};
/* End PBXFrameworksBuildPhase section */

/* Begin PBXGroup section */
		8038574A1D1C3F1600380CA9 = {
			isa = PBXGroup;
			children = (
				803857551D1C3F1600380CA9 /* NKDownloadControl */,
				803857541D1C3F1600380CA9 /* Products */,
			);
			sourceTree = "<group>";
		};
		803857541D1C3F1600380CA9 /* Products */ = {
			isa = PBXGroup;
			children = (
				803857531D1C3F1600380CA9 /* NKDownloadControl.app */,
			);
			name = Products;
			sourceTree = "<group>";
		};
		803857551D1C3F1600380CA9 /* NKDownloadControl */ = {
			isa = PBXGroup;
			children = (
				8038577D1D1C40D000380CA9 /* Application */,
				8038577C1D1C40B800380CA9 /* Sources */,
				803857561D1C3F1600380CA9 /* Supporting Files */,
			);
			path = NKDownloadControl;
			sourceTree = "<group>";
		};
		803857561D1C3F1600380CA9 /* Supporting Files */ = {
			isa = PBXGroup;
			children = (
				803857671D1C3F1600380CA9 /* Info.plist */,
				803857571D1C3F1600380CA9 /* main.m */,
			);
			name = "Supporting Files";
			sourceTree = "<group>";
		};
		8038577C1D1C40B800380CA9 /* Sources */ = {
			isa = PBXGroup;
			children = (
				8038577E1D1C411700380CA9 /* NKDownloadControl.h */,
				8038577F1D1C411700380CA9 /* NKDownloadControl.m */,
			);
			path = Sources;
			sourceTree = "<group>";
		};
		8038577D1D1C40D000380CA9 /* Application */ = {
			isa = PBXGroup;
			children = (
				8082AE1A1D1CE6F200C58B7A /* AppDelegate.h */,
				8082AE1B1D1CE6F200C58B7A /* AppDelegate.m */,
				8082AE1C1D1CE6F200C58B7A /* Assets.xcassets */,
				8082AE1D1D1CE6F200C58B7A /* ViewController.h */,
				8082AE1E1D1CE6F200C58B7A /* ViewController.m */,
			);
			path = Application;
			sourceTree = "<group>";
		};
/* End PBXGroup section */

/* Begin PBXNativeTarget section */
		803857521D1C3F1600380CA9 /* NKDownloadControl */ = {
			isa = PBXNativeTarget;
			buildConfigurationList = 8038576A1D1C3F1600380CA9 /* Build configuration list for PBXNativeTarget "NKDownloadControl" */;
			buildPhases = (
				8038574F1D1C3F1600380CA9 /* Sources */,
				803857501D1C3F1600380CA9 /* Frameworks */,
				803857511D1C3F1600380CA9 /* Resources */,
			);
			buildRules = (
			);
			dependencies = (
			);
			name = NKDownloadControl;
			productName = NKDownloadControl;
			productReference = 803857531D1C3F1600380CA9 /* NKDownloadControl.app */;
			productType = "com.apple.product-type.application";
		};
/* End PBXNativeTarget section */

/* Begin PBXProject section */
		8038574B1D1C3F1600380CA9 /* Project object */ = {
			isa = PBXProject;
			attributes = {
				CLASSPREFIX = NK;
				LastUpgradeCheck = 0730;
				ORGANIZATIONNAME = "Nikolay Kagala";
				TargetAttributes = {
					803857521D1C3F1600380CA9 = {
						CreatedOnToolsVersion = 7.3.1;
					};
				};
			};
			buildConfigurationList = 8038574E1D1C3F1600380CA9 /* Build configuration list for PBXProject "NKDownloadControl" */;
			compatibilityVersion = "Xcode 3.2";
			developmentRegion = English;
			hasScannedForEncodings = 0;
			knownRegions = (
				en,
				Base,
			);
			mainGroup = 8038574A1D1C3F1600380CA9;
			productRefGroup = 803857541D1C3F1600380CA9 /* Products */;
			projectDirPath = "";
			projectRoot = "";
			targets = (
				803857521D1C3F1600380CA9 /* NKDownloadControl */,
			);
		};
/* End PBXProject section */

/* Begin PBXResourcesBuildPhase section */
		803857511D1C3F1600380CA9 /* Resources */ = {
			isa = PBXResourcesBuildPhase;
			buildActionMask = 2147483647;
			files = (
				8082AE201D1CE6F200C58B7A /* Assets.xcassets in Resources */,
			);
			runOnlyForDeploymentPostprocessing = 0;
		};
/* End PBXResourcesBuildPhase section */

/* Begin PBXSourcesBuildPhase section */
		8038574F1D1C3F1600380CA9 /* Sources */ = {
			isa = PBXSourcesBuildPhase;
			buildActionMask = 2147483647;
			files = (
				803857801D1C411700380CA9 /* NKDownloadControl.m in Sources */,
				803857581D1C3F1600380CA9 /* main.m in Sources */,
				8082AE211D1CE6F200C58B7A /* ViewController.m in Sources */,
				8082AE1F1D1CE6F200C58B7A /* AppDelegate.m in Sources */,
			);
			runOnlyForDeploymentPostprocessing = 0;
		};
/* End PBXSourcesBuildPhase section */

/* Begin XCBuildConfiguration section */
		803857681D1C3F1600380CA9 /* Debug */ = {
			isa = XCBuildConfiguration;
			buildSettings = {
				ALWAYS_SEARCH_USER_PATHS = NO;
				CLANG_ANALYZER_NONNULL = YES;
				CLANG_CXX_LANGUAGE_STANDARD = "gnu++0x";
				CLANG_CXX_LIBRARY = "libc++";
				CLANG_ENABLE_MODULES = YES;
				CLANG_ENABLE_OBJC_ARC = YES;
				CLANG_WARN_BOOL_CONVERSION = YES;
				CLANG_WARN_CONSTANT_CONVERSION = YES;
				CLANG_WARN_DIRECT_OBJC_ISA_USAGE = YES_ERROR;
				CLANG_WARN_EMPTY_BODY = YES;
				CLANG_WARN_ENUM_CONVERSION = YES;
				CLANG_WARN_INT_CONVERSION = YES;
				CLANG_WARN_OBJC_ROOT_CLASS = YES_ERROR;
				CLANG_WARN_UNREACHABLE_CODE = YES;
				CLANG_WARN__DUPLICATE_METHOD_MATCH = YES;
				"CODE_SIGN_IDENTITY[sdk=iphoneos*]" = "iPhone Developer";
				COPY_PHASE_STRIP = NO;
				DEBUG_INFORMATION_FORMAT = dwarf;
				ENABLE_STRICT_OBJC_MSGSEND = YES;
				ENABLE_TESTABILITY = YES;
				GCC_C_LANGUAGE_STANDARD = gnu99;
				GCC_DYNAMIC_NO_PIC = NO;
				GCC_NO_COMMON_BLOCKS = YES;
				GCC_OPTIMIZATION_LEVEL = 0;
				GCC_PREPROCESSOR_DEFINITIONS = (
					"DEBUG=1",
					"$(inherited)",
				);
				GCC_WARN_64_TO_32_BIT_CONVERSION = YES;
				GCC_WARN_ABOUT_RETURN_TYPE = YES_ERROR;
				GCC_WARN_UNDECLARED_SELECTOR = YES;
				GCC_WARN_UNINITIALIZED_AUTOS = YES_AGGRESSIVE;
				GCC_WARN_UNUSED_FUNCTION = YES;
				GCC_WARN_UNUSED_VARIABLE = YES;
				IPHONEOS_DEPLOYMENT_TARGET = 9.3;
				MTL_ENABLE_DEBUG_INFO = YES;
				ONLY_ACTIVE_ARCH = YES;
				SDKROOT = iphoneos;
				TARGETED_DEVICE_FAMILY = "1,2";
			};
			name = Debug;
		};
		803857691D1C3F1600380CA9 /* Release */ = {
			isa = XCBuildConfiguration;
			buildSettings = {
				ALWAYS_SEARCH_USER_PATHS = NO;
				CLANG_ANALYZER_NONNULL = YES;
				CLANG_CXX_LANGUAGE_STANDARD = "gnu++0x";
				CLANG_CXX_LIBRARY = "libc++";
				CLANG_ENABLE_MODULES = YES;
				CLANG_ENABLE_OBJC_ARC = YES;
				CLANG_WARN_BOOL_CONVERSION = YES;
				CLANG_WARN_CONSTANT_CONVERSION = YES;
				CLANG_WARN_DIRECT_OBJC_ISA_USAGE = YES_ERROR;
				CLANG_WARN_EMPTY_BODY = YES;
				CLANG_WARN_ENUM_CONVERSION = YES;
				CLANG_WARN_INT_CONVERSION = YES;
				CLANG_WARN_OBJC_ROOT_CLASS = YES_ERROR;
				CLANG_WARN_UNREACHABLE_CODE = YES;
				CLANG_WARN__DUPLICATE_METHOD_MATCH = YES;
				"CODE_SIGN_IDENTITY[sdk=iphoneos*]" = "iPhone Developer";
				COPY_PHASE_STRIP = NO;
				DEBUG_INFORMATION_FORMAT = "dwarf-with-dsym";
				ENABLE_NS_ASSERTIONS = NO;
				ENABLE_STRICT_OBJC_MSGSEND = YES;
				GCC_C_LANGUAGE_STANDARD = gnu99;
				GCC_NO_COMMON_BLOCKS = YES;
				GCC_WARN_64_TO_32_BIT_CONVERSION = YES;
				GCC_WARN_ABOUT_RETURN_TYPE = YES_ERROR;
				GCC_WARN_UNDECLARED_SELECTOR = YES;
				GCC_WARN_UNINITIALIZED_AUTOS = YES_AGGRESSIVE;
				GCC_WARN_UNUSED_FUNCTION = YES;
				GCC_WARN_UNUSED_VARIABLE = YES;
				IPHONEOS_DEPLOYMENT_TARGET = 9.3;
				MTL_ENABLE_DEBUG_INFO = NO;
				SDKROOT = iphoneos;
				TARGETED_DEVICE_FAMILY = "1,2";
				VALIDATE_PRODUCT = YES;
			};
			name = Release;
		};
		8038576B1D1C3F1600380CA9 /* Debug */ = {
			isa = XCBuildConfiguration;
			buildSettings = {
				ASSETCATALOG_COMPILER_APPICON_NAME = AppIcon;
				INFOPLIST_FILE = NKDownloadControl/Info.plist;
				LD_RUNPATH_SEARCH_PATHS = "$(inherited) @executable_path/Frameworks";
				PRODUCT_BUNDLE_IDENTIFIER = nibelung.NKDownloadControl;
				PRODUCT_NAME = "$(TARGET_NAME)";
			};
			name = Debug;
		};
		8038576C1D1C3F1600380CA9 /* Release */ = {
			isa = XCBuildConfiguration;
			buildSettings = {
				ASSETCATALOG_COMPILER_APPICON_NAME = AppIcon;
				INFOPLIST_FILE = NKDownloadControl/Info.plist;
				LD_RUNPATH_SEARCH_PATHS = "$(inherited) @executable_path/Frameworks";
				PRODUCT_BUNDLE_IDENTIFIER = nibelung.NKDownloadControl;
				PRODUCT_NAME = "$(TARGET_NAME)";
			};
			name = Release;
		};
/* End XCBuildConfiguration section */

/* Begin XCConfigurationList section */
		8038574E1D1C3F1600380CA9 /* Build configuration list for PBXProject "NKDownloadControl" */ = {
			isa = XCConfigurationList;
			buildConfigurations = (
				803857681D1C3F1600380CA9 /* Debug */,
				803857691D1C3F1600380CA9 /* Release */,
			);
			defaultConfigurationIsVisible = 0;
			defaultConfigurationName = Release;
		};
		8038576A1D1C3F1600380CA9 /* Build configuration list for PBXNativeTarget "NKDownloadControl" */ = {
			isa = XCConfigurationList;
			buildConfigurations = (
				8038576B1D1C3F1600380CA9 /* Debug */,
				8038576C1D1C3F1600380CA9 /* Release */,
			);
			defaultConfigurationIsVisible = 0;
			defaultConfigurationName = Release;
		};
/* End XCConfigurationList section */
	};
	rootObject = 8038574B1D1C3F1600380CA9 /* Project object */;
}
